
Microsoft Visual Studio Solution File, Format Version 12.00
# Visual Studio Version 16
VisualStudioVersion = 16.0.30523.141
MinimumVisualStudioVersion = 10.0.40219.1
Project("{FAE04EC0-301F-11D3-BF4B-00C04F79EFBC}") = "UploadTest", "UploadTest\UploadTest.csproj", "{346E45ED-FCCA-4854-B8C0-71D7DDCAD73B}"
EndProject
Global
	GlobalSection(SolutionConfigurationPlatforms) = preSolution
		Debug|Any CPU = Debug|Any CPU
		Release|Any CPU = Release|Any CPU
	EndGlobalSection
	GlobalSection(ProjectConfigurationPlatforms) = postSolution
		{346E45ED-FCCA-4854-B8C0-71D7DDCAD73B}.Debug|Any CPU.ActiveCfg = Debug|Any CPU
		{346E45ED-FCCA-4854-B8C0-71D7DDCAD73B}.Debug|Any CPU.Build.0 = Debug|Any CPU
		{346E45ED-FCCA-4854-B8C0-71D7DDCAD73B}.Release|Any CPU.ActiveCfg = Release|Any CPU
		{346E45ED-FCCA-4854-B8C0-71D7DDCAD73B}.Release|Any CPU.Build.0 = Release|Any CPU
	EndGlobalSection
	GlobalSection(SolutionProperties) = preSolution
		HideSolutionNode = FALSE
	EndGlobalSection
	GlobalSection(ExtensibilityGlobals) = postSolution
		SolutionGuid = {6A2C22F6-8FAF-4ED9-9283-0B220ED7614E}
	EndGlobalSection
EndGlobal
